
Microsoft Visual Studio Solution File, Format Version 12.00
# Visual Studio Version 16
VisualStudioVersion = 16.0.32630.194
MinimumVisualStudioVersion = 10.0.40219.1
Project("{9A19103F-16F7-4668-BE54-9A1E7A4F7556}") = "MvvmControlsTests", "MvvmControlsTests\MvvmControlsTests.csproj", "{70F1F67C-BDE4-40DA-8493-273235C6A2F8}"
EndProject
Project("{9A19103F-16F7-4668-BE54-9A1E7A4F7556}") = "MvvmControls", "MvvmControls\MvvmControls.csproj", "{759021FE-B314-45EC-8133-44AE65EB839B}"
EndProject
Project("{9A19103F-16F7-4668-BE54-9A1E7A4F7556}") = "ExampleWPF", "ExampleWPF\ExampleWPF.csproj", "{BD3C4277-A7B6-4110-88F4-D22850412685}"
EndProject
Project("{2150E333-8FDC-42A3-9474-1A3956D46DE8}") = "Solution Items", "Solution Items", "{F7F23A78-3D3B-40F2-9FC0-B4B70B15378A}"
	ProjectSection(SolutionItems) = preProject
		.editorconfig = .editorconfig
		README.md = README.md
	EndProjectSection
EndProject
Global
	GlobalSection(SolutionConfigurationPlatforms) = preSolution
		Debug|Any CPU = Debug|Any CPU
		Debug|x64 = Debug|x64
		Debug|x86 = Debug|x86
		Release|Any CPU = Release|Any CPU
		Release|x64 = Release|x64
		Release|x86 = Release|x86
	EndGlobalSection
	GlobalSection(ProjectConfigurationPlatforms) = postSolution
		{70F1F67C-BDE4-40DA-8493-273235C6A2F8}.Debug|Any CPU.ActiveCfg = Debug|Any CPU
		{70F1F67C-BDE4-40DA-8493-273235C6A2F8}.Debug|Any CPU.Build.0 = Debug|Any CPU
		{70F1F67C-BDE4-40DA-8493-273235C6A2F8}.Debug|x64.ActiveCfg = Debug|Any CPU
		{70F1F67C-BDE4-40DA-8493-273235C6A2F8}.Debug|x64.Build.0 = Debug|Any CPU
		{70F1F67C-BDE4-40DA-8493-273235C6A2F8}.Debug|x86.ActiveCfg = Debug|Any CPU
		{70F1F67C-BDE4-40DA-8493-273235C6A2F8}.Debug|x86.Build.0 = Debug|Any CPU
		{70F1F67C-BDE4-40DA-8493-273235C6A2F8}.Release|Any CPU.ActiveCfg = Release|Any CPU
		{70F1F67C-BDE4-40DA-8493-273235C6A2F8}.Release|Any CPU.Build.0 = Release|Any CPU
		{70F1F67C-BDE4-40DA-8493-273235C6A2F8}.Release|x64.ActiveCfg = Release|Any CPU
		{70F1F67C-BDE4-40DA-8493-273235C6A2F8}.Release|x64.Build.0 = Release|Any CPU
		{70F1F67C-BDE4-40DA-8493-273235C6A2F8}.Release|x86.ActiveCfg = Release|Any CPU
		{70F1F67C-BDE4-40DA-8493-273235C6A2F8}.Release|x86.Build.0 = Release|Any CPU
		{759021FE-B314-45EC-8133-44AE65EB839B}.Debug|Any CPU.ActiveCfg = Debug|Any CPU
		{759021FE-B314-45EC-8133-44AE65EB839B}.Debug|Any CPU.Build.0 = Debug|Any CPU
		{759021FE-B314-45EC-8133-44AE65EB839B}.Debug|x64.ActiveCfg = Debug|x64
		{759021FE-B314-45EC-8133-44AE65EB839B}.Debug|x64.Build.0 = Debug|x64
		{759021FE-B314-45EC-8133-44AE65EB839B}.Debug|x86.ActiveCfg = Debug|x86
		{759021FE-B314-45EC-8133-44AE65EB839B}.Debug|x86.Build.0 = Debug|x86
		{759021FE-B314-45EC-8133-44AE65EB839B}.Release|Any CPU.ActiveCfg = Release|Any CPU
		{759021FE-B314-45EC-8133-44AE65EB839B}.Release|Any CPU.Build.0 = Release|Any CPU
		{759021FE-B314-45EC-8133-44AE65EB839B}.Release|x64.ActiveCfg = Release|x64
		{759021FE-B314-45EC-8133-44AE65EB839B}.Release|x64.Build.0 = Release|x64
		{759021FE-B314-45EC-8133-44AE65EB839B}.Release|x86.ActiveCfg = Release|x86
		{759021FE-B314-45EC-8133-44AE65EB839B}.Release|x86.Build.0 = Release|x86
		{BD3C4277-A7B6-4110-88F4-D22850412685}.Debug|Any CPU.ActiveCfg = Debug|Any CPU
		{BD3C4277-A7B6-4110-88F4-D22850412685}.Debug|Any CPU.Build.0 = Debug|Any CPU
		{BD3C4277-A7B6-4110-88F4-D22850412685}.Debug|x64.ActiveCfg = Debug|Any CPU
		{BD3C4277-A7B6-4110-88F4-D22850412685}.Debug|x64.Build.0 = Debug|Any CPU
		{BD3C4277-A7B6-4110-88F4-D22850412685}.Debug|x86.ActiveCfg = Debug|Any CPU
		{BD3C4277-A7B6-4110-88F4-D22850412685}.Debug|x86.Build.0 = Debug|Any CPU
		{BD3C4277-A7B6-4110-88F4-D22850412685}.Release|Any CPU.ActiveCfg = Release|Any CPU
		{BD3C4277-A7B6-4110-88F4-D22850412685}.Release|Any CPU.Build.0 = Release|Any CPU
		{BD3C4277-A7B6-4110-88F4-D22850412685}.Release|x64.ActiveCfg = Release|Any CPU
		{BD3C4277-A7B6-4110-88F4-D22850412685}.Release|x64.Build.0 = Release|Any CPU
		{BD3C4277-A7B6-4110-88F4-D22850412685}.Release|x86.ActiveCfg = Release|Any CPU
		{BD3C4277-A7B6-4110-88F4-D22850412685}.Release|x86.Build.0 = Release|Any CPU
	EndGlobalSection
	GlobalSection(SolutionProperties) = preSolution
		HideSolutionNode = FALSE
	EndGlobalSection
	GlobalSection(ExtensibilityGlobals) = postSolution
		SolutionGuid = {D35D29CE-2CAD-4BB1-8DF0-F0C534F3F865}
	EndGlobalSection
EndGlobal
