
Microsoft Visual Studio Solution File, Format Version 12.00
# Visual Studio Version 18
VisualStudioVersion = 18.4.11612.150
MinimumVisualStudioVersion = 10.0.40219.1
Project("{9A19103F-16F7-4668-BE54-9A1E7A4F7556}") = "Mvvm.IViewModel", "src\Mvvm.IViewModel\Mvvm.IViewModel.csproj", "{4B4E66FE-5094-4EDC-8FA4-B8F828DF4356}"
EndProject
Project("{9A19103F-16F7-4668-BE54-9A1E7A4F7556}") = "Mvvm.Dialogs", "src\Mvvm.Dialogs\Mvvm.Dialogs.csproj", "{F2070053-83E2-4EAF-A80F-54AEC844D0C0}"
EndProject
Project("{9A19103F-16F7-4668-BE54-9A1E7A4F7556}") = "Mvvm.Controls", "src\Mvvm.Controls\Mvvm.Controls.csproj", "{759021FE-B314-45EC-8133-44AE65EB839B}"
EndProject
Project("{9A19103F-16F7-4668-BE54-9A1E7A4F7556}") = "Mvvm.Controls.Tests", "tests\MvvmControlsTests\Mvvm.Controls.Tests.csproj", "{70F1F67C-BDE4-40DA-8493-273235C6A2F8}"
EndProject
Project("{9A19103F-16F7-4668-BE54-9A1E7A4F7556}") = "ExampleWPF", "src\ExampleWPF\ExampleWPF.csproj", "{BD3C4277-A7B6-4110-88F4-D22850412685}"
EndProject
Project("{2150E333-8FDC-42A3-9474-1A3956D46DE8}") = ".Solution Items", ".Solution Items", "{F7F23A78-3D3B-40F2-9FC0-B4B70B15378A}"
	ProjectSection(SolutionItems) = preProject
		.editorconfig = .editorconfig
		appveyor.yml = appveyor.yml
		MvvmControls.snk = MvvmControls.snk
		README.md = README.md
		src\RFBCodeWorks.Mvvm.Controls.targets = src\RFBCodeWorks.Mvvm.Controls.targets
	EndProjectSection
EndProject
Project("{9A19103F-16F7-4668-BE54-9A1E7A4F7556}") = "Mvvm.WebView2Integration", "src\Mvvm.WebView2Integration\Mvvm.WebView2Integration.csproj", "{E5522D5B-8561-4C6F-992B-2BDE1DE5D607}"
EndProject
Project("{9A19103F-16F7-4668-BE54-9A1E7A4F7556}") = "TestWebView2", "tests\TestWebView2\TestWebView2.csproj", "{A12C135F-4A15-43B4-BB5A-8F2D06ADD6F1}"
EndProject
Project("{FAE04EC0-301F-11D3-BF4B-00C04F79EFBC}") = "SourceGenerators.Roslyn311", "src\Mvvm.Controls.SourceGenerators\SourceGenerators.Roslyn311.csproj", "{2B6B9688-EFB8-4C4F-8412-83D9694ECDDF}"
EndProject
Project("{FAE04EC0-301F-11D3-BF4B-00C04F79EFBC}") = "SourceGenerators.Roslyn410", "src\Mvvm.Controls.SourceGenerators\SourceGenerators.Roslyn410.csproj", "{823CF2C3-B983-41E1-986A-C55B6922DA70}"
EndProject
Project("{FAE04EC0-301F-11D3-BF4B-00C04F79EFBC}") = "SourceGenerators.Roslyn311.Gen", "tests\SourceGenerators.Tests\SourceGenerators.Roslyn311.Gen.csproj", "{50B8EA44-94CD-75D7-B211-81EDA08A18FC}"
EndProject
Project("{FAE04EC0-301F-11D3-BF4B-00C04F79EFBC}") = "SourceGenerators.Roslyn410.Gen", "tests\SourceGenerators.Tests\SourceGenerators.Roslyn410.Gen.csproj", "{E643974D-0B2B-5C85-8497-9F4DC04096A9}"
EndProject
Project("{2150E333-8FDC-42A3-9474-1A3956D46DE8}") = "Roslyn311", "Roslyn311", "{02EA681E-C7D8-13C7-8484-4AC65E1B71E8}"
EndProject
Project("{2150E333-8FDC-42A3-9474-1A3956D46DE8}") = "Roslyn410", "Roslyn410", "{14212462-ECA6-4BCA-BBF5-0B0B8EBDD873}"
EndProject
Project("{2150E333-8FDC-42A3-9474-1A3956D46DE8}") = "SourceGenerators", "SourceGenerators", "{768DA011-2CBB-443A-9CC6-5B7E5B33988B}"
EndProject
Project("{2150E333-8FDC-42A3-9474-1A3956D46DE8}") = "Roslyn500", "Roslyn500", "{65914427-CF5C-4F51-B43C-53D85597460F}"
EndProject
Project("{FAE04EC0-301F-11D3-BF4B-00C04F79EFBC}") = "SourceGenerators.Roslyn500", "src\Mvvm.Controls.SourceGenerators\SourceGenerators.Roslyn500.csproj", "{61720E7D-0823-424C-1A41-B8B2B47FCAB1}"
EndProject
Project("{FAE04EC0-301F-11D3-BF4B-00C04F79EFBC}") = "SourceGenerators.Roslyn500.Gen", "tests\SourceGenerators.Tests\SourceGenerators.Roslyn500.Gen.csproj", "{318568A2-7E8E-CD8A-DBB1-010C6ED6697B}"
EndProject
Project("{2150E333-8FDC-42A3-9474-1A3956D46DE8}") = "Unit Tests", "Unit Tests", "{BDCCC684-E6F1-42A4-BAC9-576D592C21F3}"
EndProject
Project("{2150E333-8FDC-42A3-9474-1A3956D46DE8}") = "Packages", "Packages", "{4C2B60FA-BBB7-4E86-B882-DEBE90AB5CC0}"
EndProject
Project("{2150E333-8FDC-42A3-9474-1A3956D46DE8}") = "Examples", "Examples", "{8C353917-300C-4EF1-93A2-4C9C22FDE284}"
EndProject
Project("{2150E333-8FDC-42A3-9474-1A3956D46DE8}") = ".Solution Items", ".Solution Items", "{5E9C07AD-4BD2-4110-B459-48B2EB6D10D8}"
	ProjectSection(SolutionItems) = preProject
		src\Mvvm.Controls.SourceGenerators\Directory.Build.targets = src\Mvvm.Controls.SourceGenerators\Directory.Build.targets
		src\Mvvm.Controls.SourceGenerators\SourceGenerators.ImportSdk.targets = src\Mvvm.Controls.SourceGenerators\SourceGenerators.ImportSdk.targets
	EndProjectSection
EndProject
Project("{2150E333-8FDC-42A3-9474-1A3956D46DE8}") = ".Solution Items", ".Solution Items", "{0137E659-099E-4584-AF33-1EC9BB049535}"
	ProjectSection(SolutionItems) = preProject
		.runsettings = .runsettings
		tests\Directory.Build.props = tests\Directory.Build.props
	EndProjectSection
EndProject
Project("{2150E333-8FDC-42A3-9474-1A3956D46DE8}") = ".Solution Items", ".Solution Items", "{2AE88BFF-EE81-4981-8153-06A5F00169FC}"
	ProjectSection(SolutionItems) = preProject
		src\Directory.Build.props = src\Directory.Build.props
		src\Directory.Build.targets = src\Directory.Build.targets
		src\Mvvm.Version.targets = src\Mvvm.Version.targets
	EndProjectSection
EndProject
Project("{FAE04EC0-301F-11D3-BF4B-00C04F79EFBC}") = "SourceGenerators.Attributes", "src\Mvvm.Controls.Attributes\SourceGenerators.Attributes.csproj", "{8C7091AD-6E21-E514-D477-40F807B97EA2}"
EndProject
Global
	GlobalSection(SolutionConfigurationPlatforms) = preSolution
		AppVeyor|Any CPU = AppVeyor|Any CPU
		AppVeyor|x64 = AppVeyor|x64
		AppVeyor|x86 = AppVeyor|x86
		Debug|Any CPU = Debug|Any CPU
		Debug|x64 = Debug|x64
		Debug|x86 = Debug|x86
		Release|Any CPU = Release|Any CPU
		Release|x64 = Release|x64
		Release|x86 = Release|x86
	EndGlobalSection
	GlobalSection(ProjectConfigurationPlatforms) = postSolution
		{4B4E66FE-5094-4EDC-8FA4-B8F828DF4356}.AppVeyor|Any CPU.ActiveCfg = AppVeyor|Any CPU
		{4B4E66FE-5094-4EDC-8FA4-B8F828DF4356}.AppVeyor|Any CPU.Build.0 = AppVeyor|Any CPU
		{4B4E66FE-5094-4EDC-8FA4-B8F828DF4356}.AppVeyor|x64.ActiveCfg = AppVeyor|Any CPU
		{4B4E66FE-5094-4EDC-8FA4-B8F828DF4356}.AppVeyor|x64.Build.0 = AppVeyor|Any CPU
		{4B4E66FE-5094-4EDC-8FA4-B8F828DF4356}.AppVeyor|x86.ActiveCfg = AppVeyor|Any CPU
		{4B4E66FE-5094-4EDC-8FA4-B8F828DF4356}.AppVeyor|x86.Build.0 = AppVeyor|Any CPU
		{4B4E66FE-5094-4EDC-8FA4-B8F828DF4356}.Debug|Any CPU.ActiveCfg = Debug|Any CPU
		{4B4E66FE-5094-4EDC-8FA4-B8F828DF4356}.Debug|Any CPU.Build.0 = Debug|Any CPU
		{4B4E66FE-5094-4EDC-8FA4-B8F828DF4356}.Debug|x64.ActiveCfg = Debug|Any CPU
		{4B4E66FE-5094-4EDC-8FA4-B8F828DF4356}.Debug|x64.Build.0 = Debug|Any CPU
		{4B4E66FE-5094-4EDC-8FA4-B8F828DF4356}.Debug|x86.ActiveCfg = Debug|Any CPU
		{4B4E66FE-5094-4EDC-8FA4-B8F828DF4356}.Debug|x86.Build.0 = Debug|Any CPU
		{4B4E66FE-5094-4EDC-8FA4-B8F828DF4356}.Release|Any CPU.ActiveCfg = Release|Any CPU
		{4B4E66FE-5094-4EDC-8FA4-B8F828DF4356}.Release|Any CPU.Build.0 = Release|Any CPU
		{4B4E66FE-5094-4EDC-8FA4-B8F828DF4356}.Release|x64.ActiveCfg = Release|Any CPU
		{4B4E66FE-5094-4EDC-8FA4-B8F828DF4356}.Release|x64.Build.0 = Release|Any CPU
		{4B4E66FE-5094-4EDC-8FA4-B8F828DF4356}.Release|x86.ActiveCfg = Release|Any CPU
		{4B4E66FE-5094-4EDC-8FA4-B8F828DF4356}.Release|x86.Build.0 = Release|Any CPU
		{F2070053-83E2-4EAF-A80F-54AEC844D0C0}.AppVeyor|Any CPU.ActiveCfg = AppVeyor|Any CPU
		{F2070053-83E2-4EAF-A80F-54AEC844D0C0}.AppVeyor|Any CPU.Build.0 = AppVeyor|Any CPU
		{F2070053-83E2-4EAF-A80F-54AEC844D0C0}.AppVeyor|x64.ActiveCfg = AppVeyor|Any CPU
		{F2070053-83E2-4EAF-A80F-54AEC844D0C0}.AppVeyor|x64.Build.0 = AppVeyor|Any CPU
		{F2070053-83E2-4EAF-A80F-54AEC844D0C0}.AppVeyor|x86.ActiveCfg = AppVeyor|Any CPU
		{F2070053-83E2-4EAF-A80F-54AEC844D0C0}.AppVeyor|x86.Build.0 = AppVeyor|Any CPU
		{F2070053-83E2-4EAF-A80F-54AEC844D0C0}.Debug|Any CPU.ActiveCfg = Debug|Any CPU
		{F2070053-83E2-4EAF-A80F-54AEC844D0C0}.Debug|Any CPU.Build.0 = Debug|Any CPU
		{F2070053-83E2-4EAF-A80F-54AEC844D0C0}.Debug|x64.ActiveCfg = Debug|Any CPU
		{F2070053-83E2-4EAF-A80F-54AEC844D0C0}.Debug|x64.Build.0 = Debug|Any CPU
		{F2070053-83E2-4EAF-A80F-54AEC844D0C0}.Debug|x86.ActiveCfg = Debug|Any CPU
		{F2070053-83E2-4EAF-A80F-54AEC844D0C0}.Debug|x86.Build.0 = Debug|Any CPU
		{F2070053-83E2-4EAF-A80F-54AEC844D0C0}.Release|Any CPU.ActiveCfg = Release|Any CPU
		{F2070053-83E2-4EAF-A80F-54AEC844D0C0}.Release|Any CPU.Build.0 = Release|Any CPU
		{F2070053-83E2-4EAF-A80F-54AEC844D0C0}.Release|x64.ActiveCfg = Release|Any CPU
		{F2070053-83E2-4EAF-A80F-54AEC844D0C0}.Release|x64.Build.0 = Release|Any CPU
		{F2070053-83E2-4EAF-A80F-54AEC844D0C0}.Release|x86.ActiveCfg = Release|Any CPU
		{F2070053-83E2-4EAF-A80F-54AEC844D0C0}.Release|x86.Build.0 = Release|Any CPU
		{759021FE-B314-45EC-8133-44AE65EB839B}.AppVeyor|Any CPU.ActiveCfg = AppVeyor|Any CPU
		{759021FE-B314-45EC-8133-44AE65EB839B}.AppVeyor|Any CPU.Build.0 = AppVeyor|Any CPU
		{759021FE-B314-45EC-8133-44AE65EB839B}.AppVeyor|x64.ActiveCfg = AppVeyor|Any CPU
		{759021FE-B314-45EC-8133-44AE65EB839B}.AppVeyor|x64.Build.0 = AppVeyor|Any CPU
		{759021FE-B314-45EC-8133-44AE65EB839B}.AppVeyor|x86.ActiveCfg = AppVeyor|Any CPU
		{759021FE-B314-45EC-8133-44AE65EB839B}.AppVeyor|x86.Build.0 = AppVeyor|Any CPU
		{759021FE-B314-45EC-8133-44AE65EB839B}.Debug|Any CPU.ActiveCfg = Debug|Any CPU
		{759021FE-B314-45EC-8133-44AE65EB839B}.Debug|Any CPU.Build.0 = Debug|Any CPU
		{759021FE-B314-45EC-8133-44AE65EB839B}.Debug|x64.ActiveCfg = Debug|x64
		{759021FE-B314-45EC-8133-44AE65EB839B}.Debug|x64.Build.0 = Debug|x64
		{759021FE-B314-45EC-8133-44AE65EB839B}.Debug|x86.ActiveCfg = Debug|x86
		{759021FE-B314-45EC-8133-44AE65EB839B}.Debug|x86.Build.0 = Debug|x86
		{759021FE-B314-45EC-8133-44AE65EB839B}.Release|Any CPU.ActiveCfg = Release|Any CPU
		{759021FE-B314-45EC-8133-44AE65EB839B}.Release|Any CPU.Build.0 = Release|Any CPU
		{759021FE-B314-45EC-8133-44AE65EB839B}.Release|x64.ActiveCfg = Release|x64
		{759021FE-B314-45EC-8133-44AE65EB839B}.Release|x64.Build.0 = Release|x64
		{759021FE-B314-45EC-8133-44AE65EB839B}.Release|x86.ActiveCfg = Release|x86
		{759021FE-B314-45EC-8133-44AE65EB839B}.Release|x86.Build.0 = Release|x86
		{70F1F67C-BDE4-40DA-8493-273235C6A2F8}.AppVeyor|Any CPU.ActiveCfg = AppVeyor|Any CPU
		{70F1F67C-BDE4-40DA-8493-273235C6A2F8}.AppVeyor|Any CPU.Build.0 = AppVeyor|Any CPU
		{70F1F67C-BDE4-40DA-8493-273235C6A2F8}.AppVeyor|x64.ActiveCfg = AppVeyor|Any CPU
		{70F1F67C-BDE4-40DA-8493-273235C6A2F8}.AppVeyor|x64.Build.0 = AppVeyor|Any CPU
		{70F1F67C-BDE4-40DA-8493-273235C6A2F8}.AppVeyor|x86.ActiveCfg = AppVeyor|Any CPU
		{70F1F67C-BDE4-40DA-8493-273235C6A2F8}.AppVeyor|x86.Build.0 = AppVeyor|Any CPU
		{70F1F67C-BDE4-40DA-8493-273235C6A2F8}.Debug|Any CPU.ActiveCfg = Debug|Any CPU
		{70F1F67C-BDE4-40DA-8493-273235C6A2F8}.Debug|Any CPU.Build.0 = Debug|Any CPU
		{70F1F67C-BDE4-40DA-8493-273235C6A2F8}.Debug|x64.ActiveCfg = Debug|Any CPU
		{70F1F67C-BDE4-40DA-8493-273235C6A2F8}.Debug|x64.Build.0 = Debug|Any CPU
		{70F1F67C-BDE4-40DA-8493-273235C6A2F8}.Debug|x86.ActiveCfg = Debug|Any CPU
		{70F1F67C-BDE4-40DA-8493-273235C6A2F8}.Debug|x86.Build.0 = Debug|Any CPU
		{70F1F67C-BDE4-40DA-8493-273235C6A2F8}.Release|Any CPU.ActiveCfg = Release|Any CPU
		{70F1F67C-BDE4-40DA-8493-273235C6A2F8}.Release|Any CPU.Build.0 = Release|Any CPU
		{70F1F67C-BDE4-40DA-8493-273235C6A2F8}.Release|x64.ActiveCfg = Release|Any CPU
		{70F1F67C-BDE4-40DA-8493-273235C6A2F8}.Release|x64.Build.0 = Release|Any CPU
		{70F1F67C-BDE4-40DA-8493-273235C6A2F8}.Release|x86.ActiveCfg = Release|Any CPU
		{70F1F67C-BDE4-40DA-8493-273235C6A2F8}.Release|x86.Build.0 = Release|Any CPU
		{BD3C4277-A7B6-4110-88F4-D22850412685}.AppVeyor|Any CPU.ActiveCfg = AppVeyor|Any CPU
		{BD3C4277-A7B6-4110-88F4-D22850412685}.AppVeyor|x64.ActiveCfg = AppVeyor|Any CPU
		{BD3C4277-A7B6-4110-88F4-D22850412685}.AppVeyor|x64.Build.0 = AppVeyor|Any CPU
		{BD3C4277-A7B6-4110-88F4-D22850412685}.AppVeyor|x86.ActiveCfg = AppVeyor|Any CPU
		{BD3C4277-A7B6-4110-88F4-D22850412685}.AppVeyor|x86.Build.0 = AppVeyor|Any CPU
		{BD3C4277-A7B6-4110-88F4-D22850412685}.Debug|Any CPU.ActiveCfg = Debug|Any CPU
		{BD3C4277-A7B6-4110-88F4-D22850412685}.Debug|Any CPU.Build.0 = Debug|Any CPU
		{BD3C4277-A7B6-4110-88F4-D22850412685}.Debug|x64.ActiveCfg = Debug|Any CPU
		{BD3C4277-A7B6-4110-88F4-D22850412685}.Debug|x64.Build.0 = Debug|Any CPU
		{BD3C4277-A7B6-4110-88F4-D22850412685}.Debug|x86.ActiveCfg = Debug|Any CPU
		{BD3C4277-A7B6-4110-88F4-D22850412685}.Debug|x86.Build.0 = Debug|Any CPU
		{BD3C4277-A7B6-4110-88F4-D22850412685}.Release|Any CPU.ActiveCfg = Release|Any CPU
		{BD3C4277-A7B6-4110-88F4-D22850412685}.Release|Any CPU.Build.0 = Release|Any CPU
		{BD3C4277-A7B6-4110-88F4-D22850412685}.Release|x64.ActiveCfg = Release|Any CPU
		{BD3C4277-A7B6-4110-88F4-D22850412685}.Release|x64.Build.0 = Release|Any CPU
		{BD3C4277-A7B6-4110-88F4-D22850412685}.Release|x86.ActiveCfg = Release|Any CPU
		{BD3C4277-A7B6-4110-88F4-D22850412685}.Release|x86.Build.0 = Release|Any CPU
		{E5522D5B-8561-4C6F-992B-2BDE1DE5D607}.AppVeyor|Any CPU.ActiveCfg = Debug|Any CPU
		{E5522D5B-8561-4C6F-992B-2BDE1DE5D607}.AppVeyor|Any CPU.Build.0 = Debug|Any CPU
		{E5522D5B-8561-4C6F-992B-2BDE1DE5D607}.AppVeyor|x64.ActiveCfg = Debug|Any CPU
		{E5522D5B-8561-4C6F-992B-2BDE1DE5D607}.AppVeyor|x64.Build.0 = Debug|Any CPU
		{E5522D5B-8561-4C6F-992B-2BDE1DE5D607}.AppVeyor|x86.ActiveCfg = Debug|Any CPU
		{E5522D5B-8561-4C6F-992B-2BDE1DE5D607}.AppVeyor|x86.Build.0 = Debug|Any CPU
		{E5522D5B-8561-4C6F-992B-2BDE1DE5D607}.Debug|Any CPU.ActiveCfg = Debug|Any CPU
		{E5522D5B-8561-4C6F-992B-2BDE1DE5D607}.Debug|Any CPU.Build.0 = Debug|Any CPU
		{E5522D5B-8561-4C6F-992B-2BDE1DE5D607}.Debug|x64.ActiveCfg = Debug|Any CPU
		{E5522D5B-8561-4C6F-992B-2BDE1DE5D607}.Debug|x64.Build.0 = Debug|Any CPU
		{E5522D5B-8561-4C6F-992B-2BDE1DE5D607}.Debug|x86.ActiveCfg = Debug|Any CPU
		{E5522D5B-8561-4C6F-992B-2BDE1DE5D607}.Debug|x86.Build.0 = Debug|Any CPU
		{E5522D5B-8561-4C6F-992B-2BDE1DE5D607}.Release|Any CPU.ActiveCfg = Release|Any CPU
		{E5522D5B-8561-4C6F-992B-2BDE1DE5D607}.Release|Any CPU.Build.0 = Release|Any CPU
		{E5522D5B-8561-4C6F-992B-2BDE1DE5D607}.Release|x64.ActiveCfg = Release|Any CPU
		{E5522D5B-8561-4C6F-992B-2BDE1DE5D607}.Release|x64.Build.0 = Release|Any CPU
		{E5522D5B-8561-4C6F-992B-2BDE1DE5D607}.Release|x86.ActiveCfg = Release|Any CPU
		{E5522D5B-8561-4C6F-992B-2BDE1DE5D607}.Release|x86.Build.0 = Release|Any CPU
		{A12C135F-4A15-43B4-BB5A-8F2D06ADD6F1}.AppVeyor|Any CPU.ActiveCfg = Debug|Any CPU
		{A12C135F-4A15-43B4-BB5A-8F2D06ADD6F1}.AppVeyor|Any CPU.Build.0 = Debug|Any CPU
		{A12C135F-4A15-43B4-BB5A-8F2D06ADD6F1}.AppVeyor|x64.ActiveCfg = Debug|Any CPU
		{A12C135F-4A15-43B4-BB5A-8F2D06ADD6F1}.AppVeyor|x64.Build.0 = Debug|Any CPU
		{A12C135F-4A15-43B4-BB5A-8F2D06ADD6F1}.AppVeyor|x86.ActiveCfg = Debug|Any CPU
		{A12C135F-4A15-43B4-BB5A-8F2D06ADD6F1}.AppVeyor|x86.Build.0 = Debug|Any CPU
		{A12C135F-4A15-43B4-BB5A-8F2D06ADD6F1}.Debug|Any CPU.ActiveCfg = Debug|Any CPU
		{A12C135F-4A15-43B4-BB5A-8F2D06ADD6F1}.Debug|Any CPU.Build.0 = Debug|Any CPU
		{A12C135F-4A15-43B4-BB5A-8F2D06ADD6F1}.Debug|x64.ActiveCfg = Debug|Any CPU
		{A12C135F-4A15-43B4-BB5A-8F2D06ADD6F1}.Debug|x64.Build.0 = Debug|Any CPU
		{A12C135F-4A15-43B4-BB5A-8F2D06ADD6F1}.Debug|x86.ActiveCfg = Debug|Any CPU
		{A12C135F-4A15-43B4-BB5A-8F2D06ADD6F1}.Debug|x86.Build.0 = Debug|Any CPU
		{A12C135F-4A15-43B4-BB5A-8F2D06ADD6F1}.Release|Any CPU.ActiveCfg = Release|Any CPU
		{A12C135F-4A15-43B4-BB5A-8F2D06ADD6F1}.Release|Any CPU.Build.0 = Release|Any CPU
		{A12C135F-4A15-43B4-BB5A-8F2D06ADD6F1}.Release|x64.ActiveCfg = Release|Any CPU
		{A12C135F-4A15-43B4-BB5A-8F2D06ADD6F1}.Release|x64.Build.0 = Release|Any CPU
		{A12C135F-4A15-43B4-BB5A-8F2D06ADD6F1}.Release|x86.ActiveCfg = Release|Any CPU
		{A12C135F-4A15-43B4-BB5A-8F2D06ADD6F1}.Release|x86.Build.0 = Release|Any CPU
		{2B6B9688-EFB8-4C4F-8412-83D9694ECDDF}.AppVeyor|Any CPU.ActiveCfg = Debug|Any CPU
		{2B6B9688-EFB8-4C4F-8412-83D9694ECDDF}.AppVeyor|Any CPU.Build.0 = Debug|Any CPU
		{2B6B9688-EFB8-4C4F-8412-83D9694ECDDF}.AppVeyor|x64.ActiveCfg = Debug|Any CPU
		{2B6B9688-EFB8-4C4F-8412-83D9694ECDDF}.AppVeyor|x64.Build.0 = Debug|Any CPU
		{2B6B9688-EFB8-4C4F-8412-83D9694ECDDF}.AppVeyor|x86.ActiveCfg = Debug|Any CPU
		{2B6B9688-EFB8-4C4F-8412-83D9694ECDDF}.AppVeyor|x86.Build.0 = Debug|Any CPU
		{2B6B9688-EFB8-4C4F-8412-83D9694ECDDF}.Debug|Any CPU.ActiveCfg = Debug|Any CPU
		{2B6B9688-EFB8-4C4F-8412-83D9694ECDDF}.Debug|Any CPU.Build.0 = Debug|Any CPU
		{2B6B9688-EFB8-4C4F-8412-83D9694ECDDF}.Debug|x64.ActiveCfg = Debug|Any CPU
		{2B6B9688-EFB8-4C4F-8412-83D9694ECDDF}.Debug|x64.Build.0 = Debug|Any CPU
		{2B6B9688-EFB8-4C4F-8412-83D9694ECDDF}.Debug|x86.ActiveCfg = Debug|Any CPU
		{2B6B9688-EFB8-4C4F-8412-83D9694ECDDF}.Debug|x86.Build.0 = Debug|Any CPU
		{2B6B9688-EFB8-4C4F-8412-83D9694ECDDF}.Release|Any CPU.ActiveCfg = Release|Any CPU
		{2B6B9688-EFB8-4C4F-8412-83D9694ECDDF}.Release|Any CPU.Build.0 = Release|Any CPU
		{2B6B9688-EFB8-4C4F-8412-83D9694ECDDF}.Release|x64.ActiveCfg = Release|Any CPU
		{2B6B9688-EFB8-4C4F-8412-83D9694ECDDF}.Release|x64.Build.0 = Release|Any CPU
		{2B6B9688-EFB8-4C4F-8412-83D9694ECDDF}.Release|x86.ActiveCfg = Release|Any CPU
		{2B6B9688-EFB8-4C4F-8412-83D9694ECDDF}.Release|x86.Build.0 = Release|Any CPU
		{823CF2C3-B983-41E1-986A-C55B6922DA70}.AppVeyor|Any CPU.ActiveCfg = Debug|Any CPU
		{823CF2C3-B983-41E1-986A-C55B6922DA70}.AppVeyor|Any CPU.Build.0 = Debug|Any CPU
		{823CF2C3-B983-41E1-986A-C55B6922DA70}.AppVeyor|x64.ActiveCfg = Debug|Any CPU
		{823CF2C3-B983-41E1-986A-C55B6922DA70}.AppVeyor|x64.Build.0 = Debug|Any CPU
		{823CF2C3-B983-41E1-986A-C55B6922DA70}.AppVeyor|x86.ActiveCfg = Debug|Any CPU
		{823CF2C3-B983-41E1-986A-C55B6922DA70}.AppVeyor|x86.Build.0 = Debug|Any CPU
		{823CF2C3-B983-41E1-986A-C55B6922DA70}.Debug|Any CPU.ActiveCfg = Debug|Any CPU
		{823CF2C3-B983-41E1-986A-C55B6922DA70}.Debug|Any CPU.Build.0 = Debug|Any CPU
		{823CF2C3-B983-41E1-986A-C55B6922DA70}.Debug|x64.ActiveCfg = Debug|Any CPU
		{823CF2C3-B983-41E1-986A-C55B6922DA70}.Debug|x64.Build.0 = Debug|Any CPU
		{823CF2C3-B983-41E1-986A-C55B6922DA70}.Debug|x86.ActiveCfg = Debug|Any CPU
		{823CF2C3-B983-41E1-986A-C55B6922DA70}.Debug|x86.Build.0 = Debug|Any CPU
		{823CF2C3-B983-41E1-986A-C55B6922DA70}.Release|Any CPU.ActiveCfg = Release|Any CPU
		{823CF2C3-B983-41E1-986A-C55B6922DA70}.Release|Any CPU.Build.0 = Release|Any CPU
		{823CF2C3-B983-41E1-986A-C55B6922DA70}.Release|x64.ActiveCfg = Release|Any CPU
		{823CF2C3-B983-41E1-986A-C55B6922DA70}.Release|x64.Build.0 = Release|Any CPU
		{823CF2C3-B983-41E1-986A-C55B6922DA70}.Release|x86.ActiveCfg = Release|Any CPU
		{823CF2C3-B983-41E1-986A-C55B6922DA70}.Release|x86.Build.0 = Release|Any CPU
		{50B8EA44-94CD-75D7-B211-81EDA08A18FC}.AppVeyor|Any CPU.ActiveCfg = Release|Any CPU
		{50B8EA44-94CD-75D7-B211-81EDA08A18FC}.AppVeyor|Any CPU.Build.0 = Release|Any CPU
		{50B8EA44-94CD-75D7-B211-81EDA08A18FC}.AppVeyor|x64.ActiveCfg = Release|Any CPU
		{50B8EA44-94CD-75D7-B211-81EDA08A18FC}.AppVeyor|x64.Build.0 = Release|Any CPU
		{50B8EA44-94CD-75D7-B211-81EDA08A18FC}.AppVeyor|x86.ActiveCfg = Release|Any CPU
		{50B8EA44-94CD-75D7-B211-81EDA08A18FC}.AppVeyor|x86.Build.0 = Release|Any CPU
		{50B8EA44-94CD-75D7-B211-81EDA08A18FC}.Debug|Any CPU.ActiveCfg = Debug|Any CPU
		{50B8EA44-94CD-75D7-B211-81EDA08A18FC}.Debug|Any CPU.Build.0 = Debug|Any CPU
		{50B8EA44-94CD-75D7-B211-81EDA08A18FC}.Debug|x64.ActiveCfg = Debug|Any CPU
		{50B8EA44-94CD-75D7-B211-81EDA08A18FC}.Debug|x64.Build.0 = Debug|Any CPU
		{50B8EA44-94CD-75D7-B211-81EDA08A18FC}.Debug|x86.ActiveCfg = Debug|Any CPU
		{50B8EA44-94CD-75D7-B211-81EDA08A18FC}.Debug|x86.Build.0 = Debug|Any CPU
		{50B8EA44-94CD-75D7-B211-81EDA08A18FC}.Release|Any CPU.ActiveCfg = Release|Any CPU
		{50B8EA44-94CD-75D7-B211-81EDA08A18FC}.Release|Any CPU.Build.0 = Release|Any CPU
		{50B8EA44-94CD-75D7-B211-81EDA08A18FC}.Release|x64.ActiveCfg = Release|Any CPU
		{50B8EA44-94CD-75D7-B211-81EDA08A18FC}.Release|x64.Build.0 = Release|Any CPU
		{50B8EA44-94CD-75D7-B211-81EDA08A18FC}.Release|x86.ActiveCfg = Release|Any CPU
		{50B8EA44-94CD-75D7-B211-81EDA08A18FC}.Release|x86.Build.0 = Release|Any CPU
		{E643974D-0B2B-5C85-8497-9F4DC04096A9}.AppVeyor|Any CPU.ActiveCfg = Release|Any CPU
		{E643974D-0B2B-5C85-8497-9F4DC04096A9}.AppVeyor|Any CPU.Build.0 = Release|Any CPU
		{E643974D-0B2B-5C85-8497-9F4DC04096A9}.AppVeyor|x64.ActiveCfg = Release|Any CPU
		{E643974D-0B2B-5C85-8497-9F4DC04096A9}.AppVeyor|x64.Build.0 = Release|Any CPU
		{E643974D-0B2B-5C85-8497-9F4DC04096A9}.AppVeyor|x86.ActiveCfg = Release|Any CPU
		{E643974D-0B2B-5C85-8497-9F4DC04096A9}.AppVeyor|x86.Build.0 = Release|Any CPU
		{E643974D-0B2B-5C85-8497-9F4DC04096A9}.Debug|Any CPU.ActiveCfg = Debug|Any CPU
		{E643974D-0B2B-5C85-8497-9F4DC04096A9}.Debug|Any CPU.Build.0 = Debug|Any CPU
		{E643974D-0B2B-5C85-8497-9F4DC04096A9}.Debug|x64.ActiveCfg = Debug|Any CPU
		{E643974D-0B2B-5C85-8497-9F4DC04096A9}.Debug|x64.Build.0 = Debug|Any CPU
		{E643974D-0B2B-5C85-8497-9F4DC04096A9}.Debug|x86.ActiveCfg = Debug|Any CPU
		{E643974D-0B2B-5C85-8497-9F4DC04096A9}.Debug|x86.Build.0 = Debug|Any CPU
		{E643974D-0B2B-5C85-8497-9F4DC04096A9}.Release|Any CPU.ActiveCfg = Release|Any CPU
		{E643974D-0B2B-5C85-8497-9F4DC04096A9}.Release|Any CPU.Build.0 = Release|Any CPU
		{E643974D-0B2B-5C85-8497-9F4DC04096A9}.Release|x64.ActiveCfg = Release|Any CPU
		{E643974D-0B2B-5C85-8497-9F4DC04096A9}.Release|x64.Build.0 = Release|Any CPU
		{E643974D-0B2B-5C85-8497-9F4DC04096A9}.Release|x86.ActiveCfg = Release|Any CPU
		{E643974D-0B2B-5C85-8497-9F4DC04096A9}.Release|x86.Build.0 = Release|Any CPU
		{61720E7D-0823-424C-1A41-B8B2B47FCAB1}.AppVeyor|Any CPU.ActiveCfg = Release|Any CPU
		{61720E7D-0823-424C-1A41-B8B2B47FCAB1}.AppVeyor|Any CPU.Build.0 = Release|Any CPU
		{61720E7D-0823-424C-1A41-B8B2B47FCAB1}.AppVeyor|x64.ActiveCfg = Release|Any CPU
		{61720E7D-0823-424C-1A41-B8B2B47FCAB1}.AppVeyor|x64.Build.0 = Release|Any CPU
		{61720E7D-0823-424C-1A41-B8B2B47FCAB1}.AppVeyor|x86.ActiveCfg = Release|Any CPU
		{61720E7D-0823-424C-1A41-B8B2B47FCAB1}.AppVeyor|x86.Build.0 = Release|Any CPU
		{61720E7D-0823-424C-1A41-B8B2B47FCAB1}.Debug|Any CPU.ActiveCfg = Debug|Any CPU
		{61720E7D-0823-424C-1A41-B8B2B47FCAB1}.Debug|Any CPU.Build.0 = Debug|Any CPU
		{61720E7D-0823-424C-1A41-B8B2B47FCAB1}.Debug|x64.ActiveCfg = Debug|Any CPU
		{61720E7D-0823-424C-1A41-B8B2B47FCAB1}.Debug|x64.Build.0 = Debug|Any CPU
		{61720E7D-0823-424C-1A41-B8B2B47FCAB1}.Debug|x86.ActiveCfg = Debug|Any CPU
		{61720E7D-0823-424C-1A41-B8B2B47FCAB1}.Debug|x86.Build.0 = Debug|Any CPU
		{61720E7D-0823-424C-1A41-B8B2B47FCAB1}.Release|Any CPU.ActiveCfg = Release|Any CPU
		{61720E7D-0823-424C-1A41-B8B2B47FCAB1}.Release|Any CPU.Build.0 = Release|Any CPU
		{61720E7D-0823-424C-1A41-B8B2B47FCAB1}.Release|x64.ActiveCfg = Release|Any CPU
		{61720E7D-0823-424C-1A41-B8B2B47FCAB1}.Release|x64.Build.0 = Release|Any CPU
		{61720E7D-0823-424C-1A41-B8B2B47FCAB1}.Release|x86.ActiveCfg = Release|Any CPU
		{61720E7D-0823-424C-1A41-B8B2B47FCAB1}.Release|x86.Build.0 = Release|Any CPU
		{318568A2-7E8E-CD8A-DBB1-010C6ED6697B}.AppVeyor|Any CPU.ActiveCfg = Release|Any CPU
		{318568A2-7E8E-CD8A-DBB1-010C6ED6697B}.AppVeyor|Any CPU.Build.0 = Release|Any CPU
		{318568A2-7E8E-CD8A-DBB1-010C6ED6697B}.AppVeyor|x64.ActiveCfg = Release|Any CPU
		{318568A2-7E8E-CD8A-DBB1-010C6ED6697B}.AppVeyor|x64.Build.0 = Release|Any CPU
		{318568A2-7E8E-CD8A-DBB1-010C6ED6697B}.AppVeyor|x86.ActiveCfg = Release|Any CPU
		{318568A2-7E8E-CD8A-DBB1-010C6ED6697B}.AppVeyor|x86.Build.0 = Release|Any CPU
		{318568A2-7E8E-CD8A-DBB1-010C6ED6697B}.Debug|Any CPU.ActiveCfg = Debug|Any CPU
		{318568A2-7E8E-CD8A-DBB1-010C6ED6697B}.Debug|Any CPU.Build.0 = Debug|Any CPU
		{318568A2-7E8E-CD8A-DBB1-010C6ED6697B}.Debug|x64.ActiveCfg = Debug|Any CPU
		{318568A2-7E8E-CD8A-DBB1-010C6ED6697B}.Debug|x64.Build.0 = Debug|Any CPU
		{318568A2-7E8E-CD8A-DBB1-010C6ED6697B}.Debug|x86.ActiveCfg = Debug|Any CPU
		{318568A2-7E8E-CD8A-DBB1-010C6ED6697B}.Debug|x86.Build.0 = Debug|Any CPU
		{318568A2-7E8E-CD8A-DBB1-010C6ED6697B}.Release|Any CPU.ActiveCfg = Release|Any CPU
		{318568A2-7E8E-CD8A-DBB1-010C6ED6697B}.Release|Any CPU.Build.0 = Release|Any CPU
		{318568A2-7E8E-CD8A-DBB1-010C6ED6697B}.Release|x64.ActiveCfg = Release|Any CPU
		{318568A2-7E8E-CD8A-DBB1-010C6ED6697B}.Release|x64.Build.0 = Release|Any CPU
		{318568A2-7E8E-CD8A-DBB1-010C6ED6697B}.Release|x86.ActiveCfg = Release|Any CPU
		{318568A2-7E8E-CD8A-DBB1-010C6ED6697B}.Release|x86.Build.0 = Release|Any CPU
		{8C7091AD-6E21-E514-D477-40F807B97EA2}.AppVeyor|Any CPU.ActiveCfg = AppVeyor|Any CPU
		{8C7091AD-6E21-E514-D477-40F807B97EA2}.AppVeyor|Any CPU.Build.0 = AppVeyor|Any CPU
		{8C7091AD-6E21-E514-D477-40F807B97EA2}.AppVeyor|x64.ActiveCfg = AppVeyor|Any CPU
		{8C7091AD-6E21-E514-D477-40F807B97EA2}.AppVeyor|x64.Build.0 = AppVeyor|Any CPU
		{8C7091AD-6E21-E514-D477-40F807B97EA2}.AppVeyor|x86.ActiveCfg = AppVeyor|Any CPU
		{8C7091AD-6E21-E514-D477-40F807B97EA2}.AppVeyor|x86.Build.0 = AppVeyor|Any CPU
		{8C7091AD-6E21-E514-D477-40F807B97EA2}.Debug|Any CPU.ActiveCfg = Debug|Any CPU
		{8C7091AD-6E21-E514-D477-40F807B97EA2}.Debug|Any CPU.Build.0 = Debug|Any CPU
		{8C7091AD-6E21-E514-D477-40F807B97EA2}.Debug|x64.ActiveCfg = Debug|Any CPU
		{8C7091AD-6E21-E514-D477-40F807B97EA2}.Debug|x64.Build.0 = Debug|Any CPU
		{8C7091AD-6E21-E514-D477-40F807B97EA2}.Debug|x86.ActiveCfg = Debug|Any CPU
		{8C7091AD-6E21-E514-D477-40F807B97EA2}.Debug|x86.Build.0 = Debug|Any CPU
		{8C7091AD-6E21-E514-D477-40F807B97EA2}.Release|Any CPU.ActiveCfg = Release|Any CPU
		{8C7091AD-6E21-E514-D477-40F807B97EA2}.Release|Any CPU.Build.0 = Release|Any CPU
		{8C7091AD-6E21-E514-D477-40F807B97EA2}.Release|x64.ActiveCfg = Release|Any CPU
		{8C7091AD-6E21-E514-D477-40F807B97EA2}.Release|x64.Build.0 = Release|Any CPU
		{8C7091AD-6E21-E514-D477-40F807B97EA2}.Release|x86.ActiveCfg = Release|Any CPU
		{8C7091AD-6E21-E514-D477-40F807B97EA2}.Release|x86.Build.0 = Release|Any CPU
	EndGlobalSection
	GlobalSection(SolutionProperties) = preSolution
		HideSolutionNode = FALSE
	EndGlobalSection
	GlobalSection(NestedProjects) = preSolution
		{4B4E66FE-5094-4EDC-8FA4-B8F828DF4356} = {4C2B60FA-BBB7-4E86-B882-DEBE90AB5CC0}
		{F2070053-83E2-4EAF-A80F-54AEC844D0C0} = {4C2B60FA-BBB7-4E86-B882-DEBE90AB5CC0}
		{759021FE-B314-45EC-8133-44AE65EB839B} = {4C2B60FA-BBB7-4E86-B882-DEBE90AB5CC0}
		{70F1F67C-BDE4-40DA-8493-273235C6A2F8} = {BDCCC684-E6F1-42A4-BAC9-576D592C21F3}
		{BD3C4277-A7B6-4110-88F4-D22850412685} = {8C353917-300C-4EF1-93A2-4C9C22FDE284}
		{E5522D5B-8561-4C6F-992B-2BDE1DE5D607} = {4C2B60FA-BBB7-4E86-B882-DEBE90AB5CC0}
		{A12C135F-4A15-43B4-BB5A-8F2D06ADD6F1} = {8C353917-300C-4EF1-93A2-4C9C22FDE284}
		{2B6B9688-EFB8-4C4F-8412-83D9694ECDDF} = {02EA681E-C7D8-13C7-8484-4AC65E1B71E8}
		{823CF2C3-B983-41E1-986A-C55B6922DA70} = {14212462-ECA6-4BCA-BBF5-0B0B8EBDD873}
		{50B8EA44-94CD-75D7-B211-81EDA08A18FC} = {02EA681E-C7D8-13C7-8484-4AC65E1B71E8}
		{E643974D-0B2B-5C85-8497-9F4DC04096A9} = {14212462-ECA6-4BCA-BBF5-0B0B8EBDD873}
		{02EA681E-C7D8-13C7-8484-4AC65E1B71E8} = {768DA011-2CBB-443A-9CC6-5B7E5B33988B}
		{14212462-ECA6-4BCA-BBF5-0B0B8EBDD873} = {768DA011-2CBB-443A-9CC6-5B7E5B33988B}
		{65914427-CF5C-4F51-B43C-53D85597460F} = {768DA011-2CBB-443A-9CC6-5B7E5B33988B}
		{61720E7D-0823-424C-1A41-B8B2B47FCAB1} = {65914427-CF5C-4F51-B43C-53D85597460F}
		{318568A2-7E8E-CD8A-DBB1-010C6ED6697B} = {65914427-CF5C-4F51-B43C-53D85597460F}
		{5E9C07AD-4BD2-4110-B459-48B2EB6D10D8} = {768DA011-2CBB-443A-9CC6-5B7E5B33988B}
		{0137E659-099E-4584-AF33-1EC9BB049535} = {BDCCC684-E6F1-42A4-BAC9-576D592C21F3}
		{2AE88BFF-EE81-4981-8153-06A5F00169FC} = {4C2B60FA-BBB7-4E86-B882-DEBE90AB5CC0}
		{8C7091AD-6E21-E514-D477-40F807B97EA2} = {4C2B60FA-BBB7-4E86-B882-DEBE90AB5CC0}
	EndGlobalSection
	GlobalSection(ExtensibilityGlobals) = postSolution
		SolutionGuid = {D35D29CE-2CAD-4BB1-8DF0-F0C534F3F865}
	EndGlobalSection
EndGlobal
